
Microsoft Visual Studio Solution File, Format Version 12.00
# Visual Studio 15
VisualStudioVersion = 15.0.28307.1300
MinimumVisualStudioVersion = 10.0.40219.1
Project("{FAE04EC0-301F-11D3-BF4B-00C04F79EFBC}") = "Assgiment_Datebase", "Assgiment_Datebase\Assgiment_Datebase.csproj", "{6B9E5E48-E813-422F-B3E0-C6C610E6A836}"
EndProject
Global
	GlobalSection(SolutionConfigurationPlatforms) = preSolution
		Debug|Any CPU = Debug|Any CPU
		Release|Any CPU = Release|Any CPU
	EndGlobalSection
	GlobalSection(ProjectConfigurationPlatforms) = postSolution
		{6B9E5E48-E813-422F-B3E0-C6C610E6A836}.Debug|Any CPU.ActiveCfg = Debug|Any CPU
		{6B9E5E48-E813-422F-B3E0-C6C610E6A836}.Debug|Any CPU.Build.0 = Debug|Any CPU
		{6B9E5E48-E813-422F-B3E0-C6C610E6A836}.Release|Any CPU.ActiveCfg = Release|Any CPU
		{6B9E5E48-E813-422F-B3E0-C6C610E6A836}.Release|Any CPU.Build.0 = Release|Any CPU
	EndGlobalSection
	GlobalSection(SolutionProperties) = preSolution
		HideSolutionNode = FALSE
	EndGlobalSection
	GlobalSection(ExtensibilityGlobals) = postSolution
		SolutionGuid = {E4A6B176-74B5-4E21-99D7-6E92D9B384F4}
	EndGlobalSection
EndGlobal
